// !$*UTF8*$!
{
	archiveVersion = 1;
	classes = {
	};
	objectVersion = 48;
	objects = {

/* Begin PBXBuildFile section */
		044E9B4620AD188400658846 /* ZWWPerson.m in Sources */ = {isa = PBXBuildFile; fileRef = 044E9B4520AD188400658846 /* ZWWPerson.m */; };
		044E9B4920AD74E300658846 /* ZWWPersonForward.m in Sources */ = {isa = PBXBuildFile; fileRef = 044E9B4820AD74E300658846 /* ZWWPersonForward.m */; };
		04CF0EFC201AC76B00B0273C /* AppDelegate.m in Sources */ = {isa = PBXBuildFile; fileRef = 04CF0EFB201AC76B00B0273C /* AppDelegate.m */; };
		04CF0EFF201AC76B00B0273C /* ViewController.m in Sources */ = {isa = PBXBuildFile; fileRef = 04CF0EFE201AC76B00B0273C /* ViewController.m */; };
		04CF0F02201AC76B00B0273C /* Main.storyboard in Resources */ = {isa = PBXBuildFile; fileRef = 04CF0F00201AC76B00B0273C /* Main.storyboard */; };
		04CF0F04201AC76B00B0273C /* Assets.xcassets in Resources */ = {isa = PBXBuildFile; fileRef = 04CF0F03201AC76B00B0273C /* Assets.xcassets */; };
		04CF0F07201AC76B00B0273C /* LaunchScreen.storyboard in Resources */ = {isa = PBXBuildFile; fileRef = 04CF0F05201AC76B00B0273C /* LaunchScreen.storyboard */; };
		04CF0F0A201AC76B00B0273C /* main.m in Sources */ = {isa = PBXBuildFile; fileRef = 04CF0F09201AC76B00B0273C /* main.m */; };
		04CF0F14201AC76B00B0273C /* RuntimeTestTests.m in Sources */ = {isa = PBXBuildFile; fileRef = 04CF0F13201AC76B00B0273C /* RuntimeTestTests.m */; };
		04CF0F1F201AC76B00B0273C /* RuntimeTestUITests.m in Sources */ = {isa = PBXBuildFile; fileRef = 04CF0F1E201AC76B00B0273C /* RuntimeTestUITests.m */; };
		04CF0F2E201ACF9D00B0273C /* UIViewController+Methods.m in Sources */ = {isa = PBXBuildFile; fileRef = 04CF0F2D201ACF9D00B0273C /* UIViewController+Methods.m */; };
/* End PBXBuildFile section */

/* Begin PBXContainerItemProxy section */
		04CF0F10201AC76B00B0273C /* PBXContainerItemProxy */ = {
			isa = PBXContainerItemProxy;
			containerPortal = 04CF0EEF201AC76B00B0273C /* Project object */;
			proxyType = 1;
			remoteGlobalIDString = 04CF0EF6201AC76B00B0273C;
			remoteInfo = RuntimeTest;
		};
		04CF0F1B201AC76B00B0273C /* PBXContainerItemProxy */ = {
			isa = PBXContainerItemProxy;
			containerPortal = 04CF0EEF201AC76B00B0273C /* Project object */;
			proxyType = 1;
			remoteGlobalIDString = 04CF0EF6201AC76B00B0273C;
			remoteInfo = RuntimeTest;
		};
/* End PBXContainerItemProxy section */

/* Begin PBXFileReference section */
		044E9B4420AD188400658846 /* ZWWPerson.h */ = {isa = PBXFileReference; lastKnownFileType = sourcecode.c.h; path = ZWWPerson.h; sourceTree = "<group>"; };
		044E9B4520AD188400658846 /* ZWWPerson.m */ = {isa = PBXFileReference; lastKnownFileType = sourcecode.c.objc; path = ZWWPerson.m; sourceTree = "<group>"; };
		044E9B4720AD74E300658846 /* ZWWPersonForward.h */ = {isa = PBXFileReference; lastKnownFileType = sourcecode.c.h; path = ZWWPersonForward.h; sourceTree = "<group>"; };
		044E9B4820AD74E300658846 /* ZWWPersonForward.m */ = {isa = PBXFileReference; lastKnownFileType = sourcecode.c.objc; path = ZWWPersonForward.m; sourceTree = "<group>"; };
		04CF0EF7201AC76B00B0273C /* RuntimeTest.app */ = {isa = PBXFileReference; explicitFileType = wrapper.application; includeInIndex = 0; path = RuntimeTest.app; sourceTree = BUILT_PRODUCTS_DIR; };
		04CF0EFA201AC76B00B0273C /* AppDelegate.h */ = {isa = PBXFileReference; lastKnownFileType = sourcecode.c.h; path = AppDelegate.h; sourceTree = "<group>"; };
		04CF0EFB201AC76B00B0273C /* AppDelegate.m */ = {isa = PBXFileReference; lastKnownFileType = sourcecode.c.objc; path = AppDelegate.m; sourceTree = "<group>"; };
		04CF0EFD201AC76B00B0273C /* ViewController.h */ = {isa = PBXFileReference; lastKnownFileType = sourcecode.c.h; path = ViewController.h; sourceTree = "<group>"; };
		04CF0EFE201AC76B00B0273C /* ViewController.m */ = {isa = PBXFileReference; lastKnownFileType = sourcecode.c.objc; path = ViewController.m; sourceTree = "<group>"; };
		04CF0F01201AC76B00B0273C /* Base */ = {isa = PBXFileReference; lastKnownFileType = file.storyboard; name = Base; path = Base.lproj/Main.storyboard; sourceTree = "<group>"; };
		04CF0F03201AC76B00B0273C /* Assets.xcassets */ = {isa = PBXFileReference; lastKnownFileType = folder.assetcatalog; path = Assets.xcassets; sourceTree = "<group>"; };
		04CF0F06201AC76B00B0273C /* Base */ = {isa = PBXFileReference; lastKnownFileType = file.storyboard; name = Base; path = Base.lproj/LaunchScreen.storyboard; sourceTree = "<group>"; };
		04CF0F08201AC76B00B0273C /* Info.plist */ = {isa = PBXFileReference; lastKnownFileType = text.plist.xml; path = Info.plist; sourceTree = "<group>"; };
		04CF0F09201AC76B00B0273C /* main.m */ = {isa = PBXFileReference; lastKnownFileType = sourcecode.c.objc; path = main.m; sourceTree = "<group>"; };
		04CF0F0F201AC76B00B0273C /* RuntimeTestTests.xctest */ = {isa = PBXFileReference; explicitFileType = wrapper.cfbundle; includeInIndex = 0; path = RuntimeTestTests.xctest; sourceTree = BUILT_PRODUCTS_DIR; };
		04CF0F13201AC76B00B0273C /* RuntimeTestTests.m */ = {isa = PBXFileReference; lastKnownFileType = sourcecode.c.objc; path = RuntimeTestTests.m; sourceTree = "<group>"; };
		04CF0F15201AC76B00B0273C /* Info.plist */ = {isa = PBXFileReference; lastKnownFileType = text.plist.xml; path = Info.plist; sourceTree = "<group>"; };
		04CF0F1A201AC76B00B0273C /* RuntimeTestUITests.xctest */ = {isa = PBXFileReference; explicitFileType = wrapper.cfbundle; includeInIndex = 0; path = RuntimeTestUITests.xctest; sourceTree = BUILT_PRODUCTS_DIR; };
		04CF0F1E201AC76B00B0273C /* RuntimeTestUITests.m */ = {isa = PBXFileReference; lastKnownFileType = sourcecode.c.objc; path = RuntimeTestUITests.m; sourceTree = "<group>"; };
		04CF0F20201AC76B00B0273C /* Info.plist */ = {isa = PBXFileReference; lastKnownFileType = text.plist.xml; path = Info.plist; sourceTree = "<group>"; };
		04CF0F2C201ACF9D00B0273C /* UIViewController+Methods.h */ = {isa = PBXFileReference; lastKnownFileType = sourcecode.c.h; path = "UIViewController+Methods.h"; sourceTree = "<group>"; };
		04CF0F2D201ACF9D00B0273C /* UIViewController+Methods.m */ = {isa = PBXFileReference; lastKnownFileType = sourcecode.c.objc; path = "UIViewController+Methods.m"; sourceTree = "<group>"; };
/* End PBXFileReference section */

/* Begin PBXFrameworksBuildPhase section */
		04CF0EF4201AC76B00B0273C /* Frameworks */ = {
			isa = PBXFrameworksBuildPhase;
			buildActionMask = 2147483647;
			files = (
			);
			runOnlyForDeploymentPostprocessing = 0;
		};
		04CF0F0C201AC76B00B0273C /* Frameworks */ = {
			isa = PBXFrameworksBuildPhase;
			buildActionMask = 2147483647;
			files = (
			);
			runOnlyForDeploymentPostprocessing = 0;
		};
		04CF0F17201AC76B00B0273C /* Frameworks */ = {
			isa = PBXFrameworksBuildPhase;
			buildActionMask = 2147483647;
			files = (
			);
			runOnlyForDeploymentPostprocessing = 0;
		};
/* End PBXFrameworksBuildPhase section */

/* Begin PBXGroup section */
		04CF0EEE201AC76B00B0273C = {
			isa = PBXGroup;
			children = (
				04CF0EF9201AC76B00B0273C /* RuntimeTest */,
				04CF0F12201AC76B00B0273C /* RuntimeTestTests */,
				04CF0F1D201AC76B00B0273C /* RuntimeTestUITests */,
				04CF0EF8201AC76B00B0273C /* Products */,
			);
			sourceTree = "<group>";
		};
		04CF0EF8201AC76B00B0273C /* Products */ = {
			isa = PBXGroup;
			children = (
				04CF0EF7201AC76B00B0273C /* RuntimeTest.app */,
				04CF0F0F201AC76B00B0273C /* RuntimeTestTests.xctest */,
				04CF0F1A201AC76B00B0273C /* RuntimeTestUITests.xctest */,
			);
			name = Products;
			sourceTree = "<group>";
		};
		04CF0EF9201AC76B00B0273C /* RuntimeTest */ = {
			isa = PBXGroup;
			children = (
				04CF0EFA201AC76B00B0273C /* AppDelegate.h */,
				04CF0EFB201AC76B00B0273C /* AppDelegate.m */,
				04CF0EFD201AC76B00B0273C /* ViewController.h */,
				04CF0EFE201AC76B00B0273C /* ViewController.m */,
				04CF0F2C201ACF9D00B0273C /* UIViewController+Methods.h */,
				04CF0F2D201ACF9D00B0273C /* UIViewController+Methods.m */,
				044E9B4420AD188400658846 /* ZWWPerson.h */,
				044E9B4520AD188400658846 /* ZWWPerson.m */,
				044E9B4720AD74E300658846 /* ZWWPersonForward.h */,
				044E9B4820AD74E300658846 /* ZWWPersonForward.m */,
				04CF0F00201AC76B00B0273C /* Main.storyboard */,
				04CF0F03201AC76B00B0273C /* Assets.xcassets */,
				04CF0F05201AC76B00B0273C /* LaunchScreen.storyboard */,
				04CF0F08201AC76B00B0273C /* Info.plist */,
				04CF0F09201AC76B00B0273C /* main.m */,
			);
			path = RuntimeTest;
			sourceTree = "<group>";
		};
		04CF0F12201AC76B00B0273C /* RuntimeTestTests */ = {
			isa = PBXGroup;
			children = (
				04CF0F13201AC76B00B0273C /* RuntimeTestTests.m */,
				04CF0F15201AC76B00B0273C /* Info.plist */,
			);
			path = RuntimeTestTests;
			sourceTree = "<group>";
		};
		04CF0F1D201AC76B00B0273C /* RuntimeTestUITests */ = {
			isa = PBXGroup;
			children = (
				04CF0F1E201AC76B00B0273C /* RuntimeTestUITests.m */,
				04CF0F20201AC76B00B0273C /* Info.plist */,
			);
			path = RuntimeTestUITests;
			sourceTree = "<group>";
		};
/* End PBXGroup section */

/* Begin PBXNativeTarget section */
		04CF0EF6201AC76B00B0273C /* RuntimeTest */ = {
			isa = PBXNativeTarget;
			buildConfigurationList = 04CF0F23201AC76B00B0273C /* Build configuration list for PBXNativeTarget "RuntimeTest" */;
			buildPhases = (
				04CF0EF3201AC76B00B0273C /* Sources */,
				04CF0EF4201AC76B00B0273C /* Frameworks */,
				04CF0EF5201AC76B00B0273C /* Resources */,
			);
			buildRules = (
			);
			dependencies = (
			);
			name = RuntimeTest;
			productName = RuntimeTest;
			productReference = 04CF0EF7201AC76B00B0273C /* RuntimeTest.app */;
			productType = "com.apple.product-type.application";
		};
		04CF0F0E201AC76B00B0273C /* RuntimeTestTests */ = {
			isa = PBXNativeTarget;
			buildConfigurationList = 04CF0F26201AC76B00B0273C /* Build configuration list for PBXNativeTarget "RuntimeTestTests" */;
			buildPhases = (
				04CF0F0B201AC76B00B0273C /* Sources */,
				04CF0F0C201AC76B00B0273C /* Frameworks */,
				04CF0F0D201AC76B00B0273C /* Resources */,
			);
			buildRules = (
			);
			dependencies = (
				04CF0F11201AC76B00B0273C /* PBXTargetDependency */,
			);
			name = RuntimeTestTests;
			productName = RuntimeTestTests;
			productReference = 04CF0F0F201AC76B00B0273C /* RuntimeTestTests.xctest */;
			productType = "com.apple.product-type.bundle.unit-test";
		};
		04CF0F19201AC76B00B0273C /* RuntimeTestUITests */ = {
			isa = PBXNativeTarget;
			buildConfigurationList = 04CF0F29201AC76B00B0273C /* Build configuration list for PBXNativeTarget "RuntimeTestUITests" */;
			buildPhases = (
				04CF0F16201AC76B00B0273C /* Sources */,
				04CF0F17201AC76B00B0273C /* Frameworks */,
				04CF0F18201AC76B00B0273C /* Resources */,
			);
			buildRules = (
			);
			dependencies = (
				04CF0F1C201AC76B00B0273C /* PBXTargetDependency */,
			);
			name = RuntimeTestUITests;
			productName = RuntimeTestUITests;
			productReference = 04CF0F1A201AC76B00B0273C /* RuntimeTestUITests.xctest */;
			productType = "com.apple.product-type.bundle.ui-testing";
		};
/* End PBXNativeTarget section */

/* Begin PBXProject section */
		04CF0EEF201AC76B00B0273C /* Project object */ = {
			isa = PBXProject;
			attributes = {
				LastUpgradeCheck = 0920;
				ORGANIZATIONNAME = mac;
				TargetAttributes = {
					04CF0EF6201AC76B00B0273C = {
						CreatedOnToolsVersion = 9.2;
						ProvisioningStyle = Automatic;
					};
					04CF0F0E201AC76B00B0273C = {
						CreatedOnToolsVersion = 9.2;
						ProvisioningStyle = Automatic;
						TestTargetID = 04CF0EF6201AC76B00B0273C;
					};
					04CF0F19201AC76B00B0273C = {
						CreatedOnToolsVersion = 9.2;
						ProvisioningStyle = Automatic;
						TestTargetID = 04CF0EF6201AC76B00B0273C;
					};
				};
			};
			buildConfigurationList = 04CF0EF2201AC76B00B0273C /* Build configuration list for PBXProject "RuntimeTest" */;
			compatibilityVersion = "Xcode 8.0";
			developmentRegion = en;
			hasScannedForEncodings = 0;
			knownRegions = (
				en,
				Base,
			);
			mainGroup = 04CF0EEE201AC76B00B0273C;
			productRefGroup = 04CF0EF8201AC76B00B0273C /* Products */;
			projectDirPath = "";
			projectRoot = "";
			targets = (
				04CF0EF6201AC76B00B0273C /* RuntimeTest */,
				04CF0F0E201AC76B00B0273C /* RuntimeTestTests */,
				04CF0F19201AC76B00B0273C /* RuntimeTestUITests */,
			);
		};
/* End PBXProject section */

/* Begin PBXResourcesBuildPhase section */
		04CF0EF5201AC76B00B0273C /* Resources */ = {
			isa = PBXResourcesBuildPhase;
			buildActionMask = 2147483647;
			files = (
				04CF0F07201AC76B00B0273C /* LaunchScreen.storyboard in Resources */,
				04CF0F04201AC76B00B0273C /* Assets.xcassets in Resources */,
				04CF0F02201AC76B00B0273C /* Main.storyboard in Resources */,
			);
			runOnlyForDeploymentPostprocessing = 0;
		};
		04CF0F0D201AC76B00B0273C /* Resources */ = {
			isa = PBXResourcesBuildPhase;
			buildActionMask = 2147483647;
			files = (
			);
			runOnlyForDeploymentPostprocessing = 0;
		};
		04CF0F18201AC76B00B0273C /* Resources */ = {
			isa = PBXResourcesBuildPhase;
			buildActionMask = 2147483647;
			files = (
			);
			runOnlyForDeploymentPostprocessing = 0;
		};
/* End PBXResourcesBuildPhase section */

/* Begin PBXSourcesBuildPhase section */
		04CF0EF3201AC76B00B0273C /* Sources */ = {
			isa = PBXSourcesBuildPhase;
			buildActionMask = 2147483647;
			files = (
				044E9B4620AD188400658846 /* ZWWPerson.m in Sources */,
				044E9B4920AD74E300658846 /* ZWWPersonForward.m in Sources */,
				04CF0EFF201AC76B00B0273C /* ViewController.m in Sources */,
				04CF0F2E201ACF9D00B0273C /* UIViewController+Methods.m in Sources */,
				04CF0F0A201AC76B00B0273C /* main.m in Sources */,
				04CF0EFC201AC76B00B0273C /* AppDelegate.m in Sources */,
			);
			runOnlyForDeploymentPostprocessing = 0;
		};
		04CF0F0B201AC76B00B0273C /* Sources */ = {
			isa = PBXSourcesBuildPhase;
			buildActionMask = 2147483647;
			files = (
				04CF0F14201AC76B00B0273C /* RuntimeTestTests.m in Sources */,
			);
			runOnlyForDeploymentPostprocessing = 0;
		};
		04CF0F16201AC76B00B0273C /* Sources */ = {
			isa = PBXSourcesBuildPhase;
			buildActionMask = 2147483647;
			files = (
				04CF0F1F201AC76B00B0273C /* RuntimeTestUITests.m in Sources */,
			);
			runOnlyForDeploymentPostprocessing = 0;
		};
/* End PBXSourcesBuildPhase section */

/* Begin PBXTargetDependency section */
		04CF0F11201AC76B00B0273C /* PBXTargetDependency */ = {
			isa = PBXTargetDependency;
			target = 04CF0EF6201AC76B00B0273C /* RuntimeTest */;
			targetProxy = 04CF0F10201AC76B00B0273C /* PBXContainerItemProxy */;
		};
		04CF0F1C201AC76B00B0273C /* PBXTargetDependency */ = {
			isa = PBXTargetDependency;
			target = 04CF0EF6201AC76B00B0273C /* RuntimeTest */;
			targetProxy = 04CF0F1B201AC76B00B0273C /* PBXContainerItemProxy */;
		};
/* End PBXTargetDependency section */

/* Begin PBXVariantGroup section */
		04CF0F00201AC76B00B0273C /* Main.storyboard */ = {
			isa = PBXVariantGroup;
			children = (
				04CF0F01201AC76B00B0273C /* Base */,
			);
			name = Main.storyboard;
			sourceTree = "<group>";
		};
		04CF0F05201AC76B00B0273C /* LaunchScreen.storyboard */ = {
			isa = PBXVariantGroup;
			children = (
				04CF0F06201AC76B00B0273C /* Base */,
			);
			name = LaunchScreen.storyboard;
			sourceTree = "<group>";
		};
/* End PBXVariantGroup section */

/* Begin XCBuildConfiguration section */
		04CF0F21201AC76B00B0273C /* Debug */ = {
			isa = XCBuildConfiguration;
			buildSettings = {
				ALWAYS_SEARCH_USER_PATHS = NO;
				CLANG_ANALYZER_NONNULL = YES;
				CLANG_ANALYZER_NUMBER_OBJECT_CONVERSION = YES_AGGRESSIVE;
				CLANG_CXX_LANGUAGE_STANDARD = "gnu++14";
				CLANG_CXX_LIBRARY = "libc++";
				CLANG_ENABLE_MODULES = YES;
				CLANG_ENABLE_OBJC_ARC = YES;
				CLANG_WARN_BLOCK_CAPTURE_AUTORELEASING = YES;
				CLANG_WARN_BOOL_CONVERSION = YES;
				CLANG_WARN_COMMA = YES;
				CLANG_WARN_CONSTANT_CONVERSION = YES;
				CLANG_WARN_DIRECT_OBJC_ISA_USAGE = YES_ERROR;
				CLANG_WARN_DOCUMENTATION_COMMENTS = YES;
				CLANG_WARN_EMPTY_BODY = YES;
				CLANG_WARN_ENUM_CONVERSION = YES;
				CLANG_WARN_INFINITE_RECURSION = YES;
				CLANG_WARN_INT_CONVERSION = YES;
				CLANG_WARN_NON_LITERAL_NULL_CONVERSION = YES;
				CLANG_WARN_OBJC_LITERAL_CONVERSION = YES;
				CLANG_WARN_OBJC_ROOT_CLASS = YES_ERROR;
				CLANG_WARN_RANGE_LOOP_ANALYSIS = YES;
				CLANG_WARN_STRICT_PROTOTYPES = YES;
				CLANG_WARN_SUSPICIOUS_MOVE = YES;
				CLANG_WARN_UNGUARDED_AVAILABILITY = YES_AGGRESSIVE;
				CLANG_WARN_UNREACHABLE_CODE = YES;
				CLANG_WARN__DUPLICATE_METHOD_MATCH = YES;
				CODE_SIGN_IDENTITY = "iPhone Developer";
				COPY_PHASE_STRIP = NO;
				DEBUG_INFORMATION_FORMAT = dwarf;
				ENABLE_STRICT_OBJC_MSGSEND = YES;
				ENABLE_TESTABILITY = YES;
				GCC_C_LANGUAGE_STANDARD = gnu11;
				GCC_DYNAMIC_NO_PIC = NO;
				GCC_NO_COMMON_BLOCKS = YES;
				GCC_OPTIMIZATION_LEVEL = 0;
				GCC_PREPROCESSOR_DEFINITIONS = (
					"DEBUG=1",
					"$(inherited)",
				);
				GCC_WARN_64_TO_32_BIT_CONVERSION = YES;
				GCC_WARN_ABOUT_RETURN_TYPE = YES_ERROR;
				GCC_WARN_UNDECLARED_SELECTOR = YES;
				GCC_WARN_UNINITIALIZED_AUTOS = YES_AGGRESSIVE;
				GCC_WARN_UNUSED_FUNCTION = YES;
				GCC_WARN_UNUSED_VARIABLE = YES;
				IPHONEOS_DEPLOYMENT_TARGET = 11.2;
				MTL_ENABLE_DEBUG_INFO = YES;
				ONLY_ACTIVE_ARCH = YES;
				SDKROOT = iphoneos;
			};
			name = Debug;
		};
		04CF0F22201AC76B00B0273C /* Release */ = {
			isa = XCBuildConfiguration;
			buildSettings = {
				ALWAYS_SEARCH_USER_PATHS = NO;
				CLANG_ANALYZER_NONNULL = YES;
				CLANG_ANALYZER_NUMBER_OBJECT_CONVERSION = YES_AGGRESSIVE;
				CLANG_CXX_LANGUAGE_STANDARD = "gnu++14";
				CLANG_CXX_LIBRARY = "libc++";
				CLANG_ENABLE_MODULES = YES;
				CLANG_ENABLE_OBJC_ARC = YES;
				CLANG_WARN_BLOCK_CAPTURE_AUTORELEASING = YES;
				CLANG_WARN_BOOL_CONVERSION = YES;
				CLANG_WARN_COMMA = YES;
				CLANG_WARN_CONSTANT_CONVERSION = YES;
				CLANG_WARN_DIRECT_OBJC_ISA_USAGE = YES_ERROR;
				CLANG_WARN_DOCUMENTATION_COMMENTS = YES;
				CLANG_WARN_EMPTY_BODY = YES;
				CLANG_WARN_ENUM_CONVERSION = YES;
				CLANG_WARN_INFINITE_RECURSION = YES;
				CLANG_WARN_INT_CONVERSION = YES;
				CLANG_WARN_NON_LITERAL_NULL_CONVERSION = YES;
				CLANG_WARN_OBJC_LITERAL_CONVERSION = YES;
				CLANG_WARN_OBJC_ROOT_CLASS = YES_ERROR;
				CLANG_WARN_RANGE_LOOP_ANALYSIS = YES;
				CLANG_WARN_STRICT_PROTOTYPES = YES;
				CLANG_WARN_SUSPICIOUS_MOVE = YES;
				CLANG_WARN_UNGUARDED_AVAILABILITY = YES_AGGRESSIVE;
				CLANG_WARN_UNREACHABLE_CODE = YES;
				CLANG_WARN__DUPLICATE_METHOD_MATCH = YES;
				CODE_SIGN_IDENTITY = "iPhone Developer";
				COPY_PHASE_STRIP = NO;
				DEBUG_INFORMATION_FORMAT = "dwarf-with-dsym";
				ENABLE_NS_ASSERTIONS = NO;
				ENABLE_STRICT_OBJC_MSGSEND = YES;
				GCC_C_LANGUAGE_STANDARD = gnu11;
				GCC_NO_COMMON_BLOCKS = YES;
				GCC_WARN_64_TO_32_BIT_CONVERSION = YES;
				GCC_WARN_ABOUT_RETURN_TYPE = YES_ERROR;
				GCC_WARN_UNDECLARED_SELECTOR = YES;
				GCC_WARN_UNINITIALIZED_AUTOS = YES_AGGRESSIVE;
				GCC_WARN_UNUSED_FUNCTION = YES;
				GCC_WARN_UNUSED_VARIABLE = YES;
				IPHONEOS_DEPLOYMENT_TARGET = 11.2;
				MTL_ENABLE_DEBUG_INFO = NO;
				SDKROOT = iphoneos;
				VALIDATE_PRODUCT = YES;
			};
			name = Release;
		};
		04CF0F24201AC76B00B0273C /* Debug */ = {
			isa = XCBuildConfiguration;
			buildSettings = {
				ASSETCATALOG_COMPILER_APPICON_NAME = AppIcon;
				CODE_SIGN_STYLE = Automatic;
				ENABLE_STRICT_OBJC_MSGSEND = NO;
				INFOPLIST_FILE = RuntimeTest/Info.plist;
				LD_RUNPATH_SEARCH_PATHS = "$(inherited) @executable_path/Frameworks";
				PRODUCT_BUNDLE_IDENTIFIER = zoe.RuntimeTest;
				PRODUCT_NAME = "$(TARGET_NAME)";
				TARGETED_DEVICE_FAMILY = "1,2";
			};
			name = Debug;
		};
		04CF0F25201AC76B00B0273C /* Release */ = {
			isa = XCBuildConfiguration;
			buildSettings = {
				ASSETCATALOG_COMPILER_APPICON_NAME = AppIcon;
				CODE_SIGN_STYLE = Automatic;
				ENABLE_STRICT_OBJC_MSGSEND = NO;
				INFOPLIST_FILE = RuntimeTest/Info.plist;
				LD_RUNPATH_SEARCH_PATHS = "$(inherited) @executable_path/Frameworks";
				PRODUCT_BUNDLE_IDENTIFIER = zoe.RuntimeTest;
				PRODUCT_NAME = "$(TARGET_NAME)";
				TARGETED_DEVICE_FAMILY = "1,2";
			};
			name = Release;
		};
		04CF0F27201AC76B00B0273C /* Debug */ = {
			isa = XCBuildConfiguration;
			buildSettings = {
				BUNDLE_LOADER = "$(TEST_HOST)";
				CODE_SIGN_STYLE = Automatic;
				INFOPLIST_FILE = RuntimeTestTests/Info.plist;
				LD_RUNPATH_SEARCH_PATHS = "$(inherited) @executable_path/Frameworks @loader_path/Frameworks";
				PRODUCT_BUNDLE_IDENTIFIER = zoe.RuntimeTestTests;
				PRODUCT_NAME = "$(TARGET_NAME)";
				TARGETED_DEVICE_FAMILY = "1,2";
				TEST_HOST = "$(BUILT_PRODUCTS_DIR)/RuntimeTest.app/RuntimeTest";
			};
			name = Debug;
		};
		04CF0F28201AC76B00B0273C /* Release */ = {
			isa = XCBuildConfiguration;
			buildSettings = {
				BUNDLE_LOADER = "$(TEST_HOST)";
				CODE_SIGN_STYLE = Automatic;
				INFOPLIST_FILE = RuntimeTestTests/Info.plist;
				LD_RUNPATH_SEARCH_PATHS = "$(inherited) @executable_path/Frameworks @loader_path/Frameworks";
				PRODUCT_BUNDLE_IDENTIFIER = zoe.RuntimeTestTests;
				PRODUCT_NAME = "$(TARGET_NAME)";
				TARGETED_DEVICE_FAMILY = "1,2";
				TEST_HOST = "$(BUILT_PRODUCTS_DIR)/RuntimeTest.app/RuntimeTest";
			};
			name = Release;
		};
		04CF0F2A201AC76B00B0273C /* Debug */ = {
			isa = XCBuildConfiguration;
			buildSettings = {
				CODE_SIGN_STYLE = Automatic;
				INFOPLIST_FILE = RuntimeTestUITests/Info.plist;
				LD_RUNPATH_SEARCH_PATHS = "$(inherited) @executable_path/Frameworks @loader_path/Frameworks";
				PRODUCT_BUNDLE_IDENTIFIER = zoe.RuntimeTestUITests;
				PRODUCT_NAME = "$(TARGET_NAME)";
				TARGETED_DEVICE_FAMILY = "1,2";
				TEST_TARGET_NAME = RuntimeTest;
			};
			name = Debug;
		};
		04CF0F2B201AC76B00B0273C /* Release */ = {
			isa = XCBuildConfiguration;
			buildSettings = {
				CODE_SIGN_STYLE = Automatic;
				INFOPLIST_FILE = RuntimeTestUITests/Info.plist;
				LD_RUNPATH_SEARCH_PATHS = "$(inherited) @executable_path/Frameworks @loader_path/Frameworks";
				PRODUCT_BUNDLE_IDENTIFIER = zoe.RuntimeTestUITests;
				PRODUCT_NAME = "$(TARGET_NAME)";
				TARGETED_DEVICE_FAMILY = "1,2";
				TEST_TARGET_NAME = RuntimeTest;
			};
			name = Release;
		};
/* End XCBuildConfiguration section */

/* Begin XCConfigurationList section */
		04CF0EF2201AC76B00B0273C /* Build configuration list for PBXProject "RuntimeTest" */ = {
			isa = XCConfigurationList;
			buildConfigurations = (
				04CF0F21201AC76B00B0273C /* Debug */,
				04CF0F22201AC76B00B0273C /* Release */,
			);
			defaultConfigurationIsVisible = 0;
			defaultConfigurationName = Release;
		};
		04CF0F23201AC76B00B0273C /* Build configuration list for PBXNativeTarget "RuntimeTest" */ = {
			isa = XCConfigurationList;
			buildConfigurations = (
				04CF0F24201AC76B00B0273C /* Debug */,
				04CF0F25201AC76B00B0273C /* Release */,
			);
			defaultConfigurationIsVisible = 0;
			defaultConfigurationName = Release;
		};
		04CF0F26201AC76B00B0273C /* Build configuration list for PBXNativeTarget "RuntimeTestTests" */ = {
			isa = XCConfigurationList;
			buildConfigurations = (
				04CF0F27201AC76B00B0273C /* Debug */,
				04CF0F28201AC76B00B0273C /* Release */,
			);
			defaultConfigurationIsVisible = 0;
			defaultConfigurationName = Release;
		};
		04CF0F29201AC76B00B0273C /* Build configuration list for PBXNativeTarget "RuntimeTestUITests" */ = {
			isa = XCConfigurationList;
			buildConfigurations = (
				04CF0F2A201AC76B00B0273C /* Debug */,
				04CF0F2B201AC76B00B0273C /* Release */,
			);
			defaultConfigurationIsVisible = 0;
			defaultConfigurationName = Release;
		};
/* End XCConfigurationList section */
	};
	rootObject = 04CF0EEF201AC76B00B0273C /* Project object */;
}
